
Microsoft Visual Studio Solution File, Format Version 12.00
# Visual Studio 2012
Project("{FAE04EC0-301F-11D3-BF4B-00C04F79EFBC}") = "PolyTest", "PolyTest\PolyTest.csproj", "{73A9E45F-C2F0-4C1F-AE95-8CC3C57A50A0}"
EndProject
Project("{FAE04EC0-301F-11D3-BF4B-00C04F79EFBC}") = "PolyTest.Tests", "PolyTest.Tests\PolyTest.Tests.csproj", "{CF45C706-3D27-48B6-9561-2ACC99CB83FB}"
EndProject
Project("{2150E333-8FDC-42A3-9474-1A3956D46DE8}") = "Other", "Other", "{102B78E9-7606-41CD-A6C0-BC962ED1C077}"
	ProjectSection(SolutionItems) = preProject
		README.md = README.md
		TODO.md = TODO.md
	EndProjectSection
EndProject
Project("{FAE04EC0-301F-11D3-BF4B-00C04F79EFBC}") = "PolyTest.Examples", "PolyTest.Examples\PolyTest.Examples.csproj", "{0B6D70A8-0DF4-4B1D-AF8B-6E74AF36A6DE}"
EndProject
Project("{2150E333-8FDC-42A3-9474-1A3956D46DE8}") = ".nuget", ".nuget", "{2A922DA1-203A-41DE-8D89-2B08EC49FCD5}"
	ProjectSection(SolutionItems) = preProject
		.nuget\NuGet.Config = .nuget\NuGet.Config
		.nuget\NuGet.exe = .nuget\NuGet.exe
		.nuget\NuGet.targets = .nuget\NuGet.targets
	EndProjectSection
EndProject
Global
	GlobalSection(SolutionConfigurationPlatforms) = preSolution
		Debug|Any CPU = Debug|Any CPU
		Release|Any CPU = Release|Any CPU
	EndGlobalSection
	GlobalSection(ProjectConfigurationPlatforms) = postSolution
		{73A9E45F-C2F0-4C1F-AE95-8CC3C57A50A0}.Debug|Any CPU.ActiveCfg = Debug|Any CPU
		{73A9E45F-C2F0-4C1F-AE95-8CC3C57A50A0}.Debug|Any CPU.Build.0 = Debug|Any CPU
		{73A9E45F-C2F0-4C1F-AE95-8CC3C57A50A0}.Release|Any CPU.ActiveCfg = Release|Any CPU
		{73A9E45F-C2F0-4C1F-AE95-8CC3C57A50A0}.Release|Any CPU.Build.0 = Release|Any CPU
		{CF45C706-3D27-48B6-9561-2ACC99CB83FB}.Debug|Any CPU.ActiveCfg = Debug|Any CPU
		{CF45C706-3D27-48B6-9561-2ACC99CB83FB}.Debug|Any CPU.Build.0 = Debug|Any CPU
		{CF45C706-3D27-48B6-9561-2ACC99CB83FB}.Release|Any CPU.ActiveCfg = Release|Any CPU
		{CF45C706-3D27-48B6-9561-2ACC99CB83FB}.Release|Any CPU.Build.0 = Release|Any CPU
		{0B6D70A8-0DF4-4B1D-AF8B-6E74AF36A6DE}.Debug|Any CPU.ActiveCfg = Debug|Any CPU
		{0B6D70A8-0DF4-4B1D-AF8B-6E74AF36A6DE}.Debug|Any CPU.Build.0 = Debug|Any CPU
		{0B6D70A8-0DF4-4B1D-AF8B-6E74AF36A6DE}.Release|Any CPU.ActiveCfg = Release|Any CPU
		{0B6D70A8-0DF4-4B1D-AF8B-6E74AF36A6DE}.Release|Any CPU.Build.0 = Release|Any CPU
	EndGlobalSection
	GlobalSection(SolutionProperties) = preSolution
		HideSolutionNode = FALSE
	EndGlobalSection
EndGlobal
